// !$*UTF8*$!
{
	archiveVersion = 1;
	classes = {
	};
	objectVersion = 50;
	objects = {

/* Begin PBXBuildFile section */
		2879C295253AA1DB00331FA7 /* AppDelegate.swift in Sources */ = {isa = PBXBuildFile; fileRef = 2879C294253AA1DB00331FA7 /* AppDelegate.swift */; };
		2879C297253AA1DB00331FA7 /* SceneDelegate.swift in Sources */ = {isa = PBXBuildFile; fileRef = 2879C296253AA1DB00331FA7 /* SceneDelegate.swift */; };
		2879C299253AA1DB00331FA7 /* ViewController.swift in Sources */ = {isa = PBXBuildFile; fileRef = 2879C298253AA1DB00331FA7 /* ViewController.swift */; };
		2879C29C253AA1DC00331FA7 /* Main.storyboard in Resources */ = {isa = PBXBuildFile; fileRef = 2879C29A253AA1DB00331FA7 /* Main.storyboard */; };
		2879C29E253AA1DC00331FA7 /* Assets.xcassets in Resources */ = {isa = PBXBuildFile; fileRef = 2879C29D253AA1DC00331FA7 /* Assets.xcassets */; };
		2879C2A1253AA1DC00331FA7 /* LaunchScreen.storyboard in Resources */ = {isa = PBXBuildFile; fileRef = 2879C29F253AA1DC00331FA7 /* LaunchScreen.storyboard */; };
		2879C2AC253AA1DD00331FA7 /* MovieDBTests.swift in Sources */ = {isa = PBXBuildFile; fileRef = 2879C2AB253AA1DD00331FA7 /* MovieDBTests.swift */; };
		2879C2B7253AA1DD00331FA7 /* MovieDBUITests.swift in Sources */ = {isa = PBXBuildFile; fileRef = 2879C2B6253AA1DD00331FA7 /* MovieDBUITests.swift */; };
/* End PBXBuildFile section */

/* Begin PBXContainerItemProxy section */
		2879C2A8253AA1DD00331FA7 /* PBXContainerItemProxy */ = {
			isa = PBXContainerItemProxy;
			containerPortal = 2879C289253AA1DB00331FA7 /* Project object */;
			proxyType = 1;
			remoteGlobalIDString = 2879C290253AA1DB00331FA7;
			remoteInfo = MovieDB;
		};
		2879C2B3253AA1DD00331FA7 /* PBXContainerItemProxy */ = {
			isa = PBXContainerItemProxy;
			containerPortal = 2879C289253AA1DB00331FA7 /* Project object */;
			proxyType = 1;
			remoteGlobalIDString = 2879C290253AA1DB00331FA7;
			remoteInfo = MovieDB;
		};
/* End PBXContainerItemProxy section */

/* Begin PBXFileReference section */
		2879C291253AA1DB00331FA7 /* MovieDB.app */ = {isa = PBXFileReference; explicitFileType = wrapper.application; includeInIndex = 0; path = MovieDB.app; sourceTree = BUILT_PRODUCTS_DIR; };
		2879C294253AA1DB00331FA7 /* AppDelegate.swift */ = {isa = PBXFileReference; lastKnownFileType = sourcecode.swift; path = AppDelegate.swift; sourceTree = "<group>"; };
		2879C296253AA1DB00331FA7 /* SceneDelegate.swift */ = {isa = PBXFileReference; lastKnownFileType = sourcecode.swift; path = SceneDelegate.swift; sourceTree = "<group>"; };
		2879C298253AA1DB00331FA7 /* ViewController.swift */ = {isa = PBXFileReference; lastKnownFileType = sourcecode.swift; path = ViewController.swift; sourceTree = "<group>"; };
		2879C29B253AA1DB00331FA7 /* Base */ = {isa = PBXFileReference; lastKnownFileType = file.storyboard; name = Base; path = Base.lproj/Main.storyboard; sourceTree = "<group>"; };
		2879C29D253AA1DC00331FA7 /* Assets.xcassets */ = {isa = PBXFileReference; lastKnownFileType = folder.assetcatalog; path = Assets.xcassets; sourceTree = "<group>"; };
		2879C2A0253AA1DC00331FA7 /* Base */ = {isa = PBXFileReference; lastKnownFileType = file.storyboard; name = Base; path = Base.lproj/LaunchScreen.storyboard; sourceTree = "<group>"; };
		2879C2A2253AA1DC00331FA7 /* Info.plist */ = {isa = PBXFileReference; lastKnownFileType = text.plist.xml; path = Info.plist; sourceTree = "<group>"; };
		2879C2A7253AA1DD00331FA7 /* MovieDBTests.xctest */ = {isa = PBXFileReference; explicitFileType = wrapper.cfbundle; includeInIndex = 0; path = MovieDBTests.xctest; sourceTree = BUILT_PRODUCTS_DIR; };
		2879C2AB253AA1DD00331FA7 /* MovieDBTests.swift */ = {isa = PBXFileReference; lastKnownFileType = sourcecode.swift; path = MovieDBTests.swift; sourceTree = "<group>"; };
		2879C2AD253AA1DD00331FA7 /* Info.plist */ = {isa = PBXFileReference; lastKnownFileType = text.plist.xml; path = Info.plist; sourceTree = "<group>"; };
		2879C2B2253AA1DD00331FA7 /* MovieDBUITests.xctest */ = {isa = PBXFileReference; explicitFileType = wrapper.cfbundle; includeInIndex = 0; path = MovieDBUITests.xctest; sourceTree = BUILT_PRODUCTS_DIR; };
		2879C2B6253AA1DD00331FA7 /* MovieDBUITests.swift */ = {isa = PBXFileReference; lastKnownFileType = sourcecode.swift; path = MovieDBUITests.swift; sourceTree = "<group>"; };
		2879C2B8253AA1DD00331FA7 /* Info.plist */ = {isa = PBXFileReference; lastKnownFileType = text.plist.xml; path = Info.plist; sourceTree = "<group>"; };
/* End PBXFileReference section */

/* Begin PBXFrameworksBuildPhase section */
		2879C28E253AA1DB00331FA7 /* Frameworks */ = {
			isa = PBXFrameworksBuildPhase;
			buildActionMask = 2147483647;
			files = (
			);
			runOnlyForDeploymentPostprocessing = 0;
		};
		2879C2A4253AA1DD00331FA7 /* Frameworks */ = {
			isa = PBXFrameworksBuildPhase;
			buildActionMask = 2147483647;
			files = (
			);
			runOnlyForDeploymentPostprocessing = 0;
		};
		2879C2AF253AA1DD00331FA7 /* Frameworks */ = {
			isa = PBXFrameworksBuildPhase;
			buildActionMask = 2147483647;
			files = (
			);
			runOnlyForDeploymentPostprocessing = 0;
		};
/* End PBXFrameworksBuildPhase section */

/* Begin PBXGroup section */
		2879C288253AA1DB00331FA7 = {
			isa = PBXGroup;
			children = (
				2879C293253AA1DB00331FA7 /* MovieDB */,
				2879C2AA253AA1DD00331FA7 /* MovieDBTests */,
				2879C2B5253AA1DD00331FA7 /* MovieDBUITests */,
				2879C292253AA1DB00331FA7 /* Products */,
			);
			sourceTree = "<group>";
		};
		2879C292253AA1DB00331FA7 /* Products */ = {
			isa = PBXGroup;
			children = (
				2879C291253AA1DB00331FA7 /* MovieDB.app */,
				2879C2A7253AA1DD00331FA7 /* MovieDBTests.xctest */,
				2879C2B2253AA1DD00331FA7 /* MovieDBUITests.xctest */,
			);
			name = Products;
			sourceTree = "<group>";
		};
		2879C293253AA1DB00331FA7 /* MovieDB */ = {
			isa = PBXGroup;
			children = (
				2879C294253AA1DB00331FA7 /* AppDelegate.swift */,
				2879C296253AA1DB00331FA7 /* SceneDelegate.swift */,
				2879C298253AA1DB00331FA7 /* ViewController.swift */,
				2879C29A253AA1DB00331FA7 /* Main.storyboard */,
				2879C29D253AA1DC00331FA7 /* Assets.xcassets */,
				2879C29F253AA1DC00331FA7 /* LaunchScreen.storyboard */,
				2879C2A2253AA1DC00331FA7 /* Info.plist */,
			);
			path = MovieDB;
			sourceTree = "<group>";
		};
		2879C2AA253AA1DD00331FA7 /* MovieDBTests */ = {
			isa = PBXGroup;
			children = (
				2879C2AB253AA1DD00331FA7 /* MovieDBTests.swift */,
				2879C2AD253AA1DD00331FA7 /* Info.plist */,
			);
			path = MovieDBTests;
			sourceTree = "<group>";
		};
		2879C2B5253AA1DD00331FA7 /* MovieDBUITests */ = {
			isa = PBXGroup;
			children = (
				2879C2B6253AA1DD00331FA7 /* MovieDBUITests.swift */,
				2879C2B8253AA1DD00331FA7 /* Info.plist */,
			);
			path = MovieDBUITests;
			sourceTree = "<group>";
		};
/* End PBXGroup section */

/* Begin PBXNativeTarget section */
		2879C290253AA1DB00331FA7 /* MovieDB */ = {
			isa = PBXNativeTarget;
			buildConfigurationList = 2879C2BB253AA1DD00331FA7 /* Build configuration list for PBXNativeTarget "MovieDB" */;
			buildPhases = (
				2879C28D253AA1DB00331FA7 /* Sources */,
				2879C28E253AA1DB00331FA7 /* Frameworks */,
				2879C28F253AA1DB00331FA7 /* Resources */,
			);
			buildRules = (
			);
			dependencies = (
			);
			name = MovieDB;
			productName = MovieDB;
			productReference = 2879C291253AA1DB00331FA7 /* MovieDB.app */;
			productType = "com.apple.product-type.application";
		};
		2879C2A6253AA1DD00331FA7 /* MovieDBTests */ = {
			isa = PBXNativeTarget;
			buildConfigurationList = 2879C2BE253AA1DD00331FA7 /* Build configuration list for PBXNativeTarget "MovieDBTests" */;
			buildPhases = (
				2879C2A3253AA1DD00331FA7 /* Sources */,
				2879C2A4253AA1DD00331FA7 /* Frameworks */,
				2879C2A5253AA1DD00331FA7 /* Resources */,
			);
			buildRules = (
			);
			dependencies = (
				2879C2A9253AA1DD00331FA7 /* PBXTargetDependency */,
			);
			name = MovieDBTests;
			productName = MovieDBTests;
			productReference = 2879C2A7253AA1DD00331FA7 /* MovieDBTests.xctest */;
			productType = "com.apple.product-type.bundle.unit-test";
		};
		2879C2B1253AA1DD00331FA7 /* MovieDBUITests */ = {
			isa = PBXNativeTarget;
			buildConfigurationList = 2879C2C1253AA1DD00331FA7 /* Build configuration list for PBXNativeTarget "MovieDBUITests" */;
			buildPhases = (
				2879C2AE253AA1DD00331FA7 /* Sources */,
				2879C2AF253AA1DD00331FA7 /* Frameworks */,
				2879C2B0253AA1DD00331FA7 /* Resources */,
			);
			buildRules = (
			);
			dependencies = (
				2879C2B4253AA1DD00331FA7 /* PBXTargetDependency */,
			);
			name = MovieDBUITests;
			productName = MovieDBUITests;
			productReference = 2879C2B2253AA1DD00331FA7 /* MovieDBUITests.xctest */;
			productType = "com.apple.product-type.bundle.ui-testing";
		};
/* End PBXNativeTarget section */

/* Begin PBXProject section */
		2879C289253AA1DB00331FA7 /* Project object */ = {
			isa = PBXProject;
			attributes = {
				LastSwiftUpdateCheck = 1200;
				LastUpgradeCheck = 1200;
				TargetAttributes = {
					2879C290253AA1DB00331FA7 = {
						CreatedOnToolsVersion = 12.0.1;
					};
					2879C2A6253AA1DD00331FA7 = {
						CreatedOnToolsVersion = 12.0.1;
						TestTargetID = 2879C290253AA1DB00331FA7;
					};
					2879C2B1253AA1DD00331FA7 = {
						CreatedOnToolsVersion = 12.0.1;
						TestTargetID = 2879C290253AA1DB00331FA7;
					};
				};
			};
			buildConfigurationList = 2879C28C253AA1DB00331FA7 /* Build configuration list for PBXProject "MovieDB" */;
			compatibilityVersion = "Xcode 9.3";
			developmentRegion = en;
			hasScannedForEncodings = 0;
			knownRegions = (
				en,
				Base,
			);
			mainGroup = 2879C288253AA1DB00331FA7;
			productRefGroup = 2879C292253AA1DB00331FA7 /* Products */;
			projectDirPath = "";
			projectRoot = "";
			targets = (
				2879C290253AA1DB00331FA7 /* MovieDB */,
				2879C2A6253AA1DD00331FA7 /* MovieDBTests */,
				2879C2B1253AA1DD00331FA7 /* MovieDBUITests */,
			);
		};
/* End PBXProject section */

/* Begin PBXResourcesBuildPhase section */
		2879C28F253AA1DB00331FA7 /* Resources */ = {
			isa = PBXResourcesBuildPhase;
			buildActionMask = 2147483647;
			files = (
				2879C2A1253AA1DC00331FA7 /* LaunchScreen.storyboard in Resources */,
				2879C29E253AA1DC00331FA7 /* Assets.xcassets in Resources */,
				2879C29C253AA1DC00331FA7 /* Main.storyboard in Resources */,
			);
			runOnlyForDeploymentPostprocessing = 0;
		};
		2879C2A5253AA1DD00331FA7 /* Resources */ = {
			isa = PBXResourcesBuildPhase;
			buildActionMask = 2147483647;
			files = (
			);
			runOnlyForDeploymentPostprocessing = 0;
		};
		2879C2B0253AA1DD00331FA7 /* Resources */ = {
			isa = PBXResourcesBuildPhase;
			buildActionMask = 2147483647;
			files = (
			);
			runOnlyForDeploymentPostprocessing = 0;
		};
/* End PBXResourcesBuildPhase section */

/* Begin PBXSourcesBuildPhase section */
		2879C28D253AA1DB00331FA7 /* Sources */ = {
			isa = PBXSourcesBuildPhase;
			buildActionMask = 2147483647;
			files = (
				2879C299253AA1DB00331FA7 /* ViewController.swift in Sources */,
				2879C295253AA1DB00331FA7 /* AppDelegate.swift in Sources */,
				2879C297253AA1DB00331FA7 /* SceneDelegate.swift in Sources */,
			);
			runOnlyForDeploymentPostprocessing = 0;
		};
		2879C2A3253AA1DD00331FA7 /* Sources */ = {
			isa = PBXSourcesBuildPhase;
			buildActionMask = 2147483647;
			files = (
				2879C2AC253AA1DD00331FA7 /* MovieDBTests.swift in Sources */,
			);
			runOnlyForDeploymentPostprocessing = 0;
		};
		2879C2AE253AA1DD00331FA7 /* Sources */ = {
			isa = PBXSourcesBuildPhase;
			buildActionMask = 2147483647;
			files = (
				2879C2B7253AA1DD00331FA7 /* MovieDBUITests.swift in Sources */,
			);
			runOnlyForDeploymentPostprocessing = 0;
		};
/* End PBXSourcesBuildPhase section */

/* Begin PBXTargetDependency section */
		2879C2A9253AA1DD00331FA7 /* PBXTargetDependency */ = {
			isa = PBXTargetDependency;
			target = 2879C290253AA1DB00331FA7 /* MovieDB */;
			targetProxy = 2879C2A8253AA1DD00331FA7 /* PBXContainerItemProxy */;
		};
		2879C2B4253AA1DD00331FA7 /* PBXTargetDependency */ = {
			isa = PBXTargetDependency;
			target = 2879C290253AA1DB00331FA7 /* MovieDB */;
			targetProxy = 2879C2B3253AA1DD00331FA7 /* PBXContainerItemProxy */;
		};
/* End PBXTargetDependency section */

/* Begin PBXVariantGroup section */
		2879C29A253AA1DB00331FA7 /* Main.storyboard */ = {
			isa = PBXVariantGroup;
			children = (
				2879C29B253AA1DB00331FA7 /* Base */,
			);
			name = Main.storyboard;
			sourceTree = "<group>";
		};
		2879C29F253AA1DC00331FA7 /* LaunchScreen.storyboard */ = {
			isa = PBXVariantGroup;
			children = (
				2879C2A0253AA1DC00331FA7 /* Base */,
			);
			name = LaunchScreen.storyboard;
			sourceTree = "<group>";
		};
/* End PBXVariantGroup section */

/* Begin XCBuildConfiguration section */
		2879C2B9253AA1DD00331FA7 /* Debug */ = {
			isa = XCBuildConfiguration;
			buildSettings = {
				ALWAYS_SEARCH_USER_PATHS = NO;
				CLANG_ANALYZER_NONNULL = YES;
				CLANG_ANALYZER_NUMBER_OBJECT_CONVERSION = YES_AGGRESSIVE;
				CLANG_CXX_LANGUAGE_STANDARD = "gnu++14";
				CLANG_CXX_LIBRARY = "libc++";
				CLANG_ENABLE_MODULES = YES;
				CLANG_ENABLE_OBJC_ARC = YES;
				CLANG_ENABLE_OBJC_WEAK = YES;
				CLANG_WARN_BLOCK_CAPTURE_AUTORELEASING = YES;
				CLANG_WARN_BOOL_CONVERSION = YES;
				CLANG_WARN_COMMA = YES;
				CLANG_WARN_CONSTANT_CONVERSION = YES;
				CLANG_WARN_DEPRECATED_OBJC_IMPLEMENTATIONS = YES;
				CLANG_WARN_DIRECT_OBJC_ISA_USAGE = YES_ERROR;
				CLANG_WARN_DOCUMENTATION_COMMENTS = YES;
				CLANG_WARN_EMPTY_BODY = YES;
				CLANG_WARN_ENUM_CONVERSION = YES;
				CLANG_WARN_INFINITE_RECURSION = YES;
				CLANG_WARN_INT_CONVERSION = YES;
				CLANG_WARN_NON_LITERAL_NULL_CONVERSION = YES;
				CLANG_WARN_OBJC_IMPLICIT_RETAIN_SELF = YES;
				CLANG_WARN_OBJC_LITERAL_CONVERSION = YES;
				CLANG_WARN_OBJC_ROOT_CLASS = YES_ERROR;
				CLANG_WARN_QUOTED_INCLUDE_IN_FRAMEWORK_HEADER = YES;
				CLANG_WARN_RANGE_LOOP_ANALYSIS = YES;
				CLANG_WARN_STRICT_PROTOTYPES = YES;
				CLANG_WARN_SUSPICIOUS_MOVE = YES;
				CLANG_WARN_UNGUARDED_AVAILABILITY = YES_AGGRESSIVE;
				CLANG_WARN_UNREACHABLE_CODE = YES;
				CLANG_WARN__DUPLICATE_METHOD_MATCH = YES;
				COPY_PHASE_STRIP = NO;
				DEBUG_INFORMATION_FORMAT = dwarf;
				ENABLE_STRICT_OBJC_MSGSEND = YES;
				ENABLE_TESTABILITY = YES;
				GCC_C_LANGUAGE_STANDARD = gnu11;
				GCC_DYNAMIC_NO_PIC = NO;
				GCC_NO_COMMON_BLOCKS = YES;
				GCC_OPTIMIZATION_LEVEL = 0;
				GCC_PREPROCESSOR_DEFINITIONS = (
					"DEBUG=1",
					"$(inherited)",
				);
				GCC_WARN_64_TO_32_BIT_CONVERSION = YES;
				GCC_WARN_ABOUT_RETURN_TYPE = YES_ERROR;
				GCC_WARN_UNDECLARED_SELECTOR = YES;
				GCC_WARN_UNINITIALIZED_AUTOS = YES_AGGRESSIVE;
				GCC_WARN_UNUSED_FUNCTION = YES;
				GCC_WARN_UNUSED_VARIABLE = YES;
				IPHONEOS_DEPLOYMENT_TARGET = 14.0;
				MTL_ENABLE_DEBUG_INFO = INCLUDE_SOURCE;
				MTL_FAST_MATH = YES;
				ONLY_ACTIVE_ARCH = YES;
				SDKROOT = iphoneos;
				SWIFT_ACTIVE_COMPILATION_CONDITIONS = DEBUG;
				SWIFT_OPTIMIZATION_LEVEL = "-Onone";
			};
			name = Debug;
		};
		2879C2BA253AA1DD00331FA7 /* Release */ = {
			isa = XCBuildConfiguration;
			buildSettings = {
				ALWAYS_SEARCH_USER_PATHS = NO;
				CLANG_ANALYZER_NONNULL = YES;
				CLANG_ANALYZER_NUMBER_OBJECT_CONVERSION = YES_AGGRESSIVE;
				CLANG_CXX_LANGUAGE_STANDARD = "gnu++14";
				CLANG_CXX_LIBRARY = "libc++";
				CLANG_ENABLE_MODULES = YES;
				CLANG_ENABLE_OBJC_ARC = YES;
				CLANG_ENABLE_OBJC_WEAK = YES;
				CLANG_WARN_BLOCK_CAPTURE_AUTORELEASING = YES;
				CLANG_WARN_BOOL_CONVERSION = YES;
				CLANG_WARN_COMMA = YES;
				CLANG_WARN_CONSTANT_CONVERSION = YES;
				CLANG_WARN_DEPRECATED_OBJC_IMPLEMENTATIONS = YES;
				CLANG_WARN_DIRECT_OBJC_ISA_USAGE = YES_ERROR;
				CLANG_WARN_DOCUMENTATION_COMMENTS = YES;
				CLANG_WARN_EMPTY_BODY = YES;
				CLANG_WARN_ENUM_CONVERSION = YES;
				CLANG_WARN_INFINITE_RECURSION = YES;
				CLANG_WARN_INT_CONVERSION = YES;
				CLANG_WARN_NON_LITERAL_NULL_CONVERSION = YES;
				CLANG_WARN_OBJC_IMPLICIT_RETAIN_SELF = YES;
				CLANG_WARN_OBJC_LITERAL_CONVERSION = YES;
				CLANG_WARN_OBJC_ROOT_CLASS = YES_ERROR;
				CLANG_WARN_QUOTED_INCLUDE_IN_FRAMEWORK_HEADER = YES;
				CLANG_WARN_RANGE_LOOP_ANALYSIS = YES;
				CLANG_WARN_STRICT_PROTOTYPES = YES;
				CLANG_WARN_SUSPICIOUS_MOVE = YES;
				CLANG_WARN_UNGUARDED_AVAILABILITY = YES_AGGRESSIVE;
				CLANG_WARN_UNREACHABLE_CODE = YES;
				CLANG_WARN__DUPLICATE_METHOD_MATCH = YES;
				COPY_PHASE_STRIP = NO;
				DEBUG_INFORMATION_FORMAT = "dwarf-with-dsym";
				ENABLE_NS_ASSERTIONS = NO;
				ENABLE_STRICT_OBJC_MSGSEND = YES;
				GCC_C_LANGUAGE_STANDARD = gnu11;
				GCC_NO_COMMON_BLOCKS = YES;
				GCC_WARN_64_TO_32_BIT_CONVERSION = YES;
				GCC_WARN_ABOUT_RETURN_TYPE = YES_ERROR;
				GCC_WARN_UNDECLARED_SELECTOR = YES;
				GCC_WARN_UNINITIALIZED_AUTOS = YES_AGGRESSIVE;
				GCC_WARN_UNUSED_FUNCTION = YES;
				GCC_WARN_UNUSED_VARIABLE = YES;
				IPHONEOS_DEPLOYMENT_TARGET = 14.0;
				MTL_ENABLE_DEBUG_INFO = NO;
				MTL_FAST_MATH = YES;
				SDKROOT = iphoneos;
				SWIFT_COMPILATION_MODE = wholemodule;
				SWIFT_OPTIMIZATION_LEVEL = "-O";
				VALIDATE_PRODUCT = YES;
			};
			name = Release;
		};
		2879C2BC253AA1DD00331FA7 /* Debug */ = {
			isa = XCBuildConfiguration;
			buildSettings = {
				ASSETCATALOG_COMPILER_APPICON_NAME = AppIcon;
				ASSETCATALOG_COMPILER_GLOBAL_ACCENT_COLOR_NAME = AccentColor;
				CODE_SIGN_STYLE = Automatic;
				DEVELOPMENT_TEAM = 4VRK5MHX6R;
				INFOPLIST_FILE = MovieDB/Info.plist;
				LD_RUNPATH_SEARCH_PATHS = (
					"$(inherited)",
					"@executable_path/Frameworks",
				);
				PRODUCT_BUNDLE_IDENTIFIER = com.nuginurghani.MovieDB;
				PRODUCT_NAME = "$(TARGET_NAME)";
				SWIFT_VERSION = 5.0;
				TARGETED_DEVICE_FAMILY = "1,2";
			};
			name = Debug;
		};
		2879C2BD253AA1DD00331FA7 /* Release */ = {
			isa = XCBuildConfiguration;
			buildSettings = {
				ASSETCATALOG_COMPILER_APPICON_NAME = AppIcon;
				ASSETCATALOG_COMPILER_GLOBAL_ACCENT_COLOR_NAME = AccentColor;
				CODE_SIGN_STYLE = Automatic;
				DEVELOPMENT_TEAM = 4VRK5MHX6R;
				INFOPLIST_FILE = MovieDB/Info.plist;
				LD_RUNPATH_SEARCH_PATHS = (
					"$(inherited)",
					"@executable_path/Frameworks",
				);
				PRODUCT_BUNDLE_IDENTIFIER = com.nuginurghani.MovieDB;
				PRODUCT_NAME = "$(TARGET_NAME)";
				SWIFT_VERSION = 5.0;
				TARGETED_DEVICE_FAMILY = "1,2";
			};
			name = Release;
		};
		2879C2BF253AA1DD00331FA7 /* Debug */ = {
			isa = XCBuildConfiguration;
			buildSettings = {
				ALWAYS_EMBED_SWIFT_STANDARD_LIBRARIES = YES;
				BUNDLE_LOADER = "$(TEST_HOST)";
				CODE_SIGN_STYLE = Automatic;
				DEVELOPMENT_TEAM = 4VRK5MHX6R;
				INFOPLIST_FILE = MovieDBTests/Info.plist;
				IPHONEOS_DEPLOYMENT_TARGET = 14.0;
				LD_RUNPATH_SEARCH_PATHS = (
					"$(inherited)",
					"@executable_path/Frameworks",
					"@loader_path/Frameworks",
				);
				PRODUCT_BUNDLE_IDENTIFIER = com.nuginurghani.MovieDBTests;
				PRODUCT_NAME = "$(TARGET_NAME)";
				SWIFT_VERSION = 5.0;
				TARGETED_DEVICE_FAMILY = "1,2";
				TEST_HOST = "$(BUILT_PRODUCTS_DIR)/MovieDB.app/MovieDB";
			};
			name = Debug;
		};
		2879C2C0253AA1DD00331FA7 /* Release */ = {
			isa = XCBuildConfiguration;
			buildSettings = {
				ALWAYS_EMBED_SWIFT_STANDARD_LIBRARIES = YES;
				BUNDLE_LOADER = "$(TEST_HOST)";
				CODE_SIGN_STYLE = Automatic;
				DEVELOPMENT_TEAM = 4VRK5MHX6R;
				INFOPLIST_FILE = MovieDBTests/Info.plist;
				IPHONEOS_DEPLOYMENT_TARGET = 14.0;
				LD_RUNPATH_SEARCH_PATHS = (
					"$(inherited)",
					"@executable_path/Frameworks",
					"@loader_path/Frameworks",
				);
				PRODUCT_BUNDLE_IDENTIFIER = com.nuginurghani.MovieDBTests;
				PRODUCT_NAME = "$(TARGET_NAME)";
				SWIFT_VERSION = 5.0;
				TARGETED_DEVICE_FAMILY = "1,2";
				TEST_HOST = "$(BUILT_PRODUCTS_DIR)/MovieDB.app/MovieDB";
			};
			name = Release;
		};
		2879C2C2253AA1DD00331FA7 /* Debug */ = {
			isa = XCBuildConfiguration;
			buildSettings = {
				ALWAYS_EMBED_SWIFT_STANDARD_LIBRARIES = YES;
				CODE_SIGN_STYLE = Automatic;
				DEVELOPMENT_TEAM = 4VRK5MHX6R;
				INFOPLIST_FILE = MovieDBUITests/Info.plist;
				LD_RUNPATH_SEARCH_PATHS = (
					"$(inherited)",
					"@executable_path/Frameworks",
					"@loader_path/Frameworks",
				);
				PRODUCT_BUNDLE_IDENTIFIER = com.nuginurghani.MovieDBUITests;
				PRODUCT_NAME = "$(TARGET_NAME)";
				SWIFT_VERSION = 5.0;
				TARGETED_DEVICE_FAMILY = "1,2";
				TEST_TARGET_NAME = MovieDB;
			};
			name = Debug;
		};
		2879C2C3253AA1DD00331FA7 /* Release */ = {
			isa = XCBuildConfiguration;
			buildSettings = {
				ALWAYS_EMBED_SWIFT_STANDARD_LIBRARIES = YES;
				CODE_SIGN_STYLE = Automatic;
				DEVELOPMENT_TEAM = 4VRK5MHX6R;
				INFOPLIST_FILE = MovieDBUITests/Info.plist;
				LD_RUNPATH_SEARCH_PATHS = (
					"$(inherited)",
					"@executable_path/Frameworks",
					"@loader_path/Frameworks",
				);
				PRODUCT_BUNDLE_IDENTIFIER = com.nuginurghani.MovieDBUITests;
				PRODUCT_NAME = "$(TARGET_NAME)";
				SWIFT_VERSION = 5.0;
				TARGETED_DEVICE_FAMILY = "1,2";
				TEST_TARGET_NAME = MovieDB;
			};
			name = Release;
		};
/* End XCBuildConfiguration section */

/* Begin XCConfigurationList section */
		2879C28C253AA1DB00331FA7 /* Build configuration list for PBXProject "MovieDB" */ = {
			isa = XCConfigurationList;
			buildConfigurations = (
				2879C2B9253AA1DD00331FA7 /* Debug */,
				2879C2BA253AA1DD00331FA7 /* Release */,
			);
			defaultConfigurationIsVisible = 0;
			defaultConfigurationName = Release;
		};
		2879C2BB253AA1DD00331FA7 /* Build configuration list for PBXNativeTarget "MovieDB" */ = {
			isa = XCConfigurationList;
			buildConfigurations = (
				2879C2BC253AA1DD00331FA7 /* Debug */,
				2879C2BD253AA1DD00331FA7 /* Release */,
			);
			defaultConfigurationIsVisible = 0;
			defaultConfigurationName = Release;
		};
		2879C2BE253AA1DD00331FA7 /* Build configuration list for PBXNativeTarget "MovieDBTests" */ = {
			isa = XCConfigurationList;
			buildConfigurations = (
				2879C2BF253AA1DD00331FA7 /* Debug */,
				2879C2C0253AA1DD00331FA7 /* Release */,
			);
			defaultConfigurationIsVisible = 0;
			defaultConfigurationName = Release;
		};
		2879C2C1253AA1DD00331FA7 /* Build configuration list for PBXNativeTarget "MovieDBUITests" */ = {
			isa = XCConfigurationList;
			buildConfigurations = (
				2879C2C2253AA1DD00331FA7 /* Debug */,
				2879C2C3253AA1DD00331FA7 /* Release */,
			);
			defaultConfigurationIsVisible = 0;
			defaultConfigurationName = Release;
		};
/* End XCConfigurationList section */
	};
	rootObject = 2879C289253AA1DB00331FA7 /* Project object */;
}
